
Microsoft Visual Studio Solution File, Format Version 12.00
# Visual Studio Version 17
VisualStudioVersion = 17.5.002.0
MinimumVisualStudioVersion = 10.0.40219.1
Project("{9A19103F-16F7-4668-BE54-9A1E7A4F7556}") = "dezsegundoss", "dezsegundoss.csproj", "{754A7A6E-7E93-468E-8D7F-4061FED2770C}"
EndProject
Global
	GlobalSection(SolutionConfigurationPlatforms) = preSolution
		Debug|Any CPU = Debug|Any CPU
		Release|Any CPU = Release|Any CPU
	EndGlobalSection
	GlobalSection(ProjectConfigurationPlatforms) = postSolution
		{754A7A6E-7E93-468E-8D7F-4061FED2770C}.Debug|Any CPU.ActiveCfg = Debug|Any CPU
		{754A7A6E-7E93-468E-8D7F-4061FED2770C}.Debug|Any CPU.Build.0 = Debug|Any CPU
		{754A7A6E-7E93-468E-8D7F-4061FED2770C}.Release|Any CPU.ActiveCfg = Release|Any CPU
		{754A7A6E-7E93-468E-8D7F-4061FED2770C}.Release|Any CPU.Build.0 = Release|Any CPU
	EndGlobalSection
	GlobalSection(SolutionProperties) = preSolution
		HideSolutionNode = FALSE
	EndGlobalSection
	GlobalSection(ExtensibilityGlobals) = postSolution
		SolutionGuid = {1DE076EC-BA12-46D3-A949-67045D3997A1}
	EndGlobalSection
EndGlobal
